
Microsoft Visual Studio Solution File, Format Version 12.00
# Visual Studio Version 17
VisualStudioVersion = 17.12.35527.113 d17.12
MinimumVisualStudioVersion = 10.0.40219.1
Project("{FAE04EC0-301F-11D3-BF4B-00C04F79EFBC}") = "Domain", "Domain.csproj", "{6B846EC3-7350-45E1-8533-FDC03709ED41}"
EndProject
Project("{2150E333-8FDC-42A3-9474-1A3956D46DE8}") = "Domain", "Domain", "{7EA268BA-6173-4802-B041-8A9E1E2A0AE6}"
EndProject
Project("{2150E333-8FDC-42A3-9474-1A3956D46DE8}") = "Application", "Application", "{7E888CE3-E099-44E0-9DC9-425A411A5303}"
EndProject
Project("{FAE04EC0-301F-11D3-BF4B-00C04F79EFBC}") = "Application", "..\Application\Application.csproj", "{C512AC7A-C69E-4545-9618-3147E70F5A78}"
EndProject
Project("{2150E333-8FDC-42A3-9474-1A3956D46DE8}") = "Infrastructure", "Infrastructure", "{713A77DF-1F19-414F-94CA-441726EEEF90}"
EndProject
Project("{FAE04EC0-301F-11D3-BF4B-00C04F79EFBC}") = "Infrastructure", "..\Infrastructure\Infrastructure.csproj", "{C8B3EBCB-306A-4C0C-A9A9-8CEF7C0D3731}"
EndProject
Project("{2150E333-8FDC-42A3-9474-1A3956D46DE8}") = "Presentation", "Presentation", "{088DA17B-CE68-4A12-A18D-4D1065AF0B09}"
EndProject
Project("{FAE04EC0-301F-11D3-BF4B-00C04F79EFBC}") = "WebApi", "..\WebApi\WebApi.csproj", "{41A1620F-AA31-42C2-BD92-B8AB0E455391}"
EndProject
Project("{2150E333-8FDC-42A3-9474-1A3956D46DE8}") = "Entities", "Entities", "{BEC800B0-5568-4F51-8CEE-31B065697C2F}"
EndProject
Project("{FAE04EC0-301F-11D3-BF4B-00C04F79EFBC}") = "Entities", "..\Entities\Entities.csproj", "{449C1F29-F326-49FA-9ECF-B3218A7DF7FA}"
EndProject
Global
	GlobalSection(SolutionConfigurationPlatforms) = preSolution
		Debug|Any CPU = Debug|Any CPU
		Release|Any CPU = Release|Any CPU
	EndGlobalSection
	GlobalSection(ProjectConfigurationPlatforms) = postSolution
		{6B846EC3-7350-45E1-8533-FDC03709ED41}.Debug|Any CPU.ActiveCfg = Debug|Any CPU
		{6B846EC3-7350-45E1-8533-FDC03709ED41}.Debug|Any CPU.Build.0 = Debug|Any CPU
		{6B846EC3-7350-45E1-8533-FDC03709ED41}.Release|Any CPU.ActiveCfg = Release|Any CPU
		{6B846EC3-7350-45E1-8533-FDC03709ED41}.Release|Any CPU.Build.0 = Release|Any CPU
		{C512AC7A-C69E-4545-9618-3147E70F5A78}.Debug|Any CPU.ActiveCfg = Debug|Any CPU
		{C512AC7A-C69E-4545-9618-3147E70F5A78}.Debug|Any CPU.Build.0 = Debug|Any CPU
		{C512AC7A-C69E-4545-9618-3147E70F5A78}.Release|Any CPU.ActiveCfg = Release|Any CPU
		{C512AC7A-C69E-4545-9618-3147E70F5A78}.Release|Any CPU.Build.0 = Release|Any CPU
		{C8B3EBCB-306A-4C0C-A9A9-8CEF7C0D3731}.Debug|Any CPU.ActiveCfg = Debug|Any CPU
		{C8B3EBCB-306A-4C0C-A9A9-8CEF7C0D3731}.Debug|Any CPU.Build.0 = Debug|Any CPU
		{C8B3EBCB-306A-4C0C-A9A9-8CEF7C0D3731}.Release|Any CPU.ActiveCfg = Release|Any CPU
		{C8B3EBCB-306A-4C0C-A9A9-8CEF7C0D3731}.Release|Any CPU.Build.0 = Release|Any CPU
		{41A1620F-AA31-42C2-BD92-B8AB0E455391}.Debug|Any CPU.ActiveCfg = Debug|Any CPU
		{41A1620F-AA31-42C2-BD92-B8AB0E455391}.Debug|Any CPU.Build.0 = Debug|Any CPU
		{41A1620F-AA31-42C2-BD92-B8AB0E455391}.Release|Any CPU.ActiveCfg = Release|Any CPU
		{41A1620F-AA31-42C2-BD92-B8AB0E455391}.Release|Any CPU.Build.0 = Release|Any CPU
		{449C1F29-F326-49FA-9ECF-B3218A7DF7FA}.Debug|Any CPU.ActiveCfg = Debug|Any CPU
		{449C1F29-F326-49FA-9ECF-B3218A7DF7FA}.Debug|Any CPU.Build.0 = Debug|Any CPU
		{449C1F29-F326-49FA-9ECF-B3218A7DF7FA}.Release|Any CPU.ActiveCfg = Release|Any CPU
		{449C1F29-F326-49FA-9ECF-B3218A7DF7FA}.Release|Any CPU.Build.0 = Release|Any CPU
	EndGlobalSection
	GlobalSection(SolutionProperties) = preSolution
		HideSolutionNode = FALSE
	EndGlobalSection
	GlobalSection(NestedProjects) = preSolution
		{6B846EC3-7350-45E1-8533-FDC03709ED41} = {7EA268BA-6173-4802-B041-8A9E1E2A0AE6}
		{C512AC7A-C69E-4545-9618-3147E70F5A78} = {7E888CE3-E099-44E0-9DC9-425A411A5303}
		{C8B3EBCB-306A-4C0C-A9A9-8CEF7C0D3731} = {713A77DF-1F19-414F-94CA-441726EEEF90}
		{41A1620F-AA31-42C2-BD92-B8AB0E455391} = {088DA17B-CE68-4A12-A18D-4D1065AF0B09}
		{449C1F29-F326-49FA-9ECF-B3218A7DF7FA} = {BEC800B0-5568-4F51-8CEE-31B065697C2F}
	EndGlobalSection
EndGlobal
